{
  "nodes": {
    "flake-compat": {
      "locked": {
        "lastModified": 1733328505,
        "narHash": "sha256-NeCCThCEP3eCl2l/+27kNNK7QrwZB1IJCrXfrbv5oqU=",
        "rev": "ff81ac966bb2cae68946d5ed5fc4994f96d0ffec",
        "revCount": 69,
        "type": "tarball",
        "url": "https://api.flakehub.com/f/pinned/edolstra/flake-compat/1.1.0/01948eb7-9cba-704f-bbf3-3fa956735b52/source.tar.gz"
      },
      "original": {
        "type": "tarball",
        "url": "https://flakehub.com/f/edolstra/flake-compat/1.tar.gz"
      }
    },
    "nixpkgs-25_11": {
      "locked": {
        "lastModified": 1773524153,
        "narHash": "sha256-Jms57zzlFf64ayKzzBWSE2SGvJmK+NGt8Gli71d9kmY=",
        "owner": "NixOS",
        "repo": "nixpkgs",
        "rev": "e9f278faa1d0c2fc835bd331d4666b59b505a410",
        "type": "github"
      },
      "original": {
        "owner": "NixOS",
        "ref": "nixos-25.11",
        "repo": "nixpkgs",
        "type": "github"
      }
    },
    "root": {
      "inputs": {
        "flake-compat": "flake-compat",
        "nixpkgs": [
          "nixpkgs-25_11"
        ],
        "nixpkgs-25_11": "nixpkgs-25_11",
        "sops-nix": "sops-nix"
      }
    },
    "sops-nix": {
      "inputs": {
        "nixpkgs": [
          "nixpkgs"
        ]
      },
      "locked": {
        "lastModified": 1773550941,
        "narHash": "sha256-wa/++bL2QeMUreNFBZEWluQfOYB0MnQIeGNMuaX9sfs=",
        "owner": "Mic92",
        "repo": "sops-nix",
        "rev": "c469b6885f0dcd5c7c56bd935a0f08dbcd9e79e1",
        "type": "github"
      },
      "original": {
        "owner": "Mic92",
        "repo": "sops-nix",
        "type": "github"
      }
    }
  },
  "root": "root",
  "version": 7
}
